
Microsoft Visual Studio Solution File, Format Version 12.00
# Visual Studio 15
VisualStudioVersion = 15.0.27428.2043
MinimumVisualStudioVersion = 10.0.40219.1
Project("{FAE04EC0-301F-11D3-BF4B-00C04F79EFBC}") = "Perfil Profesional", "Perfil Profesional\Perfil Profesional.csproj", "{FA371B1E-7B3A-4E82-8122-A422D070058F}"
EndProject
Global
	GlobalSection(SolutionConfigurationPlatforms) = preSolution
		Debug|Any CPU = Debug|Any CPU
		Release|Any CPU = Release|Any CPU
	EndGlobalSection
	GlobalSection(ProjectConfigurationPlatforms) = postSolution
		{FA371B1E-7B3A-4E82-8122-A422D070058F}.Debug|Any CPU.ActiveCfg = Debug|Any CPU
		{FA371B1E-7B3A-4E82-8122-A422D070058F}.Debug|Any CPU.Build.0 = Debug|Any CPU
		{FA371B1E-7B3A-4E82-8122-A422D070058F}.Release|Any CPU.ActiveCfg = Release|Any CPU
		{FA371B1E-7B3A-4E82-8122-A422D070058F}.Release|Any CPU.Build.0 = Release|Any CPU
	EndGlobalSection
	GlobalSection(SolutionProperties) = preSolution
		HideSolutionNode = FALSE
	EndGlobalSection
	GlobalSection(ExtensibilityGlobals) = postSolution
		SolutionGuid = {B0B10234-6E5D-4588-A031-CDB7E49731B1}
	EndGlobalSection
EndGlobal
